
Microsoft Visual Studio Solution File, Format Version 12.00
# Visual Studio 14
VisualStudioVersion = 14.0.25420.1
MinimumVisualStudioVersion = 10.0.40219.1
Project("{FAE04EC0-301F-11D3-BF4B-00C04F79EFBC}") = "SportsStore.WebUI", "SportsStore.WebUI\SportsStore.WebUI.csproj", "{83AAF647-6170-4C7D-9A42-C01F06CCF2A0}"
EndProject
Project("{FAE04EC0-301F-11D3-BF4B-00C04F79EFBC}") = "SportsStore.UnitTests", "SportsStore.UnitTests\SportsStore.UnitTests.csproj", "{B7E1D292-DE31-44A1-AF57-8436F9A634ED}"
EndProject
Project("{FAE04EC0-301F-11D3-BF4B-00C04F79EFBC}") = "SportsStore.Domain", "SportsStore.Domain\SportsStore.Domain.csproj", "{ECBB6A4D-EFF2-41DC-97B2-7EF3217F50F6}"
EndProject
Global
	GlobalSection(SolutionConfigurationPlatforms) = preSolution
		Debug|Any CPU = Debug|Any CPU
		Release|Any CPU = Release|Any CPU
	EndGlobalSection
	GlobalSection(ProjectConfigurationPlatforms) = postSolution
		{83AAF647-6170-4C7D-9A42-C01F06CCF2A0}.Debug|Any CPU.ActiveCfg = Debug|Any CPU
		{83AAF647-6170-4C7D-9A42-C01F06CCF2A0}.Debug|Any CPU.Build.0 = Debug|Any CPU
		{83AAF647-6170-4C7D-9A42-C01F06CCF2A0}.Release|Any CPU.ActiveCfg = Release|Any CPU
		{83AAF647-6170-4C7D-9A42-C01F06CCF2A0}.Release|Any CPU.Build.0 = Release|Any CPU
		{B7E1D292-DE31-44A1-AF57-8436F9A634ED}.Debug|Any CPU.ActiveCfg = Debug|Any CPU
		{B7E1D292-DE31-44A1-AF57-8436F9A634ED}.Debug|Any CPU.Build.0 = Debug|Any CPU
		{B7E1D292-DE31-44A1-AF57-8436F9A634ED}.Release|Any CPU.ActiveCfg = Release|Any CPU
		{B7E1D292-DE31-44A1-AF57-8436F9A634ED}.Release|Any CPU.Build.0 = Release|Any CPU
		{ECBB6A4D-EFF2-41DC-97B2-7EF3217F50F6}.Debug|Any CPU.ActiveCfg = Debug|Any CPU
		{ECBB6A4D-EFF2-41DC-97B2-7EF3217F50F6}.Debug|Any CPU.Build.0 = Debug|Any CPU
		{ECBB6A4D-EFF2-41DC-97B2-7EF3217F50F6}.Release|Any CPU.ActiveCfg = Release|Any CPU
		{ECBB6A4D-EFF2-41DC-97B2-7EF3217F50F6}.Release|Any CPU.Build.0 = Release|Any CPU
	EndGlobalSection
	GlobalSection(SolutionProperties) = preSolution
		HideSolutionNode = FALSE
	EndGlobalSection
EndGlobal
